
Microsoft Visual Studio Solution File, Format Version 12.00
# Visual Studio 14
VisualStudioVersion = 14.0.23107.0
MinimumVisualStudioVersion = 10.0.40219.1
Project("{2150E333-8FDC-42A3-9474-1A3956D46DE8}") = "01 Common 基础结构层", "01 Common 基础结构层", "{1CA8DAB1-DA8D-4946-83F7-4EFBD51225B2}"
EndProject
Project("{2150E333-8FDC-42A3-9474-1A3956D46DE8}") = "02 Model 模型层", "02 Model 模型层", "{249037A2-86BB-4408-997C-7318AA594149}"
EndProject
Project("{2150E333-8FDC-42A3-9474-1A3956D46DE8}") = "03 BLL 业务逻辑层", "03 BLL 业务逻辑层", "{4207BC29-3342-49EB-A6D8-E98C7D33790A}"
EndProject
Project("{2150E333-8FDC-42A3-9474-1A3956D46DE8}") = "04 Web 应用程序", "04 Web 应用程序", "{B0A80596-3D9F-4D8B-8533-CAF3475C5CA1}"
EndProject
Project("{FAE04EC0-301F-11D3-BF4B-00C04F79EFBC}") = "YiDaBus.Com.Mobile.Common", "YiDaBus.Com.Mobile.Common\YiDaBus.Com.Mobile.Common.csproj", "{71C79BAC-606B-4263-9DFC-698BDB9F583B}"
EndProject
Project("{FAE04EC0-301F-11D3-BF4B-00C04F79EFBC}") = "YiDaBus.Com.Mobile.Model", "YiDaBus.Com.Mobile.Model\YiDaBus.Com.Mobile.Model.csproj", "{92F01327-9DD5-4222-A3DA-4388DD58B831}"
EndProject
Project("{FAE04EC0-301F-11D3-BF4B-00C04F79EFBC}") = "YiDaBus.Com.Mobile.BLL", "YiDaBus.Com.Mobile.BLL\YiDaBus.Com.Mobile.BLL.csproj", "{1B1A447A-D655-48E2-BC22-4DF6FA054372}"
EndProject
Project("{FAE04EC0-301F-11D3-BF4B-00C04F79EFBC}") = "YiDaBus.Com.Mobile.Web", "YiDaBus.Com.Mobile.Web\YiDaBus.Com.Mobile.Web.csproj", "{4C1E9F7D-8043-4172-B53F-494903E1736C}"
EndProject
Project("{FAE04EC0-301F-11D3-BF4B-00C04F79EFBC}") = "YiDaBus.Com.Mobile.Web.Tests", "YiDaBus.Com.Mobile.Web.Tests\YiDaBus.Com.Mobile.Web.Tests.csproj", "{6A53BB82-A22F-4D2C-9773-CC66C231F403}"
EndProject
Project("{2150E333-8FDC-42A3-9474-1A3956D46DE8}") = "05 Manager 后台管理", "05 Manager 后台管理", "{D56FFC72-6E3E-458B-BB8A-0B3303D5577F}"
EndProject
Project("{FAE04EC0-301F-11D3-BF4B-00C04F79EFBC}") = "NFine.Application", "NFine.Application\NFine.Application.csproj", "{F2035EE2-B73D-4FB8-A433-CAB465DE6A2A}"
EndProject
Project("{FAE04EC0-301F-11D3-BF4B-00C04F79EFBC}") = "NFine.Data", "NFine.Data\NFine.Data.csproj", "{F71003E8-A836-48F4-9DF6-DF9095CEBD18}"
EndProject
Project("{FAE04EC0-301F-11D3-BF4B-00C04F79EFBC}") = "NFine.Domain", "NFine.Domain\NFine.Domain.csproj", "{7DC886CD-B8A0-44E8-AADD-57FCB0CFECB8}"
EndProject
Project("{FAE04EC0-301F-11D3-BF4B-00C04F79EFBC}") = "NFine.Mapping", "NFine.Mapping\NFine.Mapping.csproj", "{4E642CBE-F6C5-4CB9-9474-6B349652FE77}"
EndProject
Project("{FAE04EC0-301F-11D3-BF4B-00C04F79EFBC}") = "NFine.Repository", "NFine.Repository\NFine.Repository.csproj", "{AFCB668F-673F-4AAB-9A20-5BA10D825EB7}"
EndProject
Project("{FAE04EC0-301F-11D3-BF4B-00C04F79EFBC}") = "YiDaBus.Com.Manager.Web", "YiDaBus.Com.Manager.Web\YiDaBus.Com.Manager.Web.csproj", "{A15657F9-0401-48DD-BA9A-37117C4B5FE2}"
EndProject
Project("{FAE04EC0-301F-11D3-BF4B-00C04F79EFBC}") = "YiDaBus.Com.Manager.Dal", "YiDaBus.Com.Manager.Dal\YiDaBus.Com.Manager.Dal.csproj", "{D35248A8-23B5-4751-BDB3-CB3BD311EEF7}"
EndProject
Project("{2150E333-8FDC-42A3-9474-1A3956D46DE8}") = "06 文档", "06 文档", "{F9DC0C4D-EC5A-4383-BA61-0407B503CE80}"
	ProjectSection(SolutionItems) = preProject
		C:\Users\wuqingfeng\Documents\WeChat Files\q13705104405\Files\微信公众号相关【重要】\MP_verify_q8ylSMT8QQde73Db.txt = C:\Users\wuqingfeng\Documents\WeChat Files\q13705104405\Files\微信公众号相关【重要】\MP_verify_q8ylSMT8QQde73Db.txt
		C:\Users\wuqingfeng\Documents\WeChat Files\q13705104405\Files\微信公众号相关【重要】\qrcode_for_gh_5e41694cf1b0_258.jpg = C:\Users\wuqingfeng\Documents\WeChat Files\q13705104405\Files\微信公众号相关【重要】\qrcode_for_gh_5e41694cf1b0_258.jpg
		C:\Users\wuqingfeng\Desktop\YiDaBus.sql = C:\Users\wuqingfeng\Desktop\YiDaBus.sql
		C:\Users\wuqingfeng\Documents\WeChat Files\q13705104405\Files\微信公众号相关【重要】\微信公众号-易达快乐巴士.docx = C:\Users\wuqingfeng\Documents\WeChat Files\q13705104405\Files\微信公众号相关【重要】\微信公众号-易达快乐巴士.docx
	EndProjectSection
EndProject
Global
	GlobalSection(SolutionConfigurationPlatforms) = preSolution
		Debug|Any CPU = Debug|Any CPU
		Release|Any CPU = Release|Any CPU
	EndGlobalSection
	GlobalSection(ProjectConfigurationPlatforms) = postSolution
		{71C79BAC-606B-4263-9DFC-698BDB9F583B}.Debug|Any CPU.ActiveCfg = Debug|Any CPU
		{71C79BAC-606B-4263-9DFC-698BDB9F583B}.Debug|Any CPU.Build.0 = Debug|Any CPU
		{71C79BAC-606B-4263-9DFC-698BDB9F583B}.Release|Any CPU.ActiveCfg = Release|Any CPU
		{71C79BAC-606B-4263-9DFC-698BDB9F583B}.Release|Any CPU.Build.0 = Release|Any CPU
		{92F01327-9DD5-4222-A3DA-4388DD58B831}.Debug|Any CPU.ActiveCfg = Debug|Any CPU
		{92F01327-9DD5-4222-A3DA-4388DD58B831}.Debug|Any CPU.Build.0 = Debug|Any CPU
		{92F01327-9DD5-4222-A3DA-4388DD58B831}.Release|Any CPU.ActiveCfg = Release|Any CPU
		{92F01327-9DD5-4222-A3DA-4388DD58B831}.Release|Any CPU.Build.0 = Release|Any CPU
		{1B1A447A-D655-48E2-BC22-4DF6FA054372}.Debug|Any CPU.ActiveCfg = Debug|Any CPU
		{1B1A447A-D655-48E2-BC22-4DF6FA054372}.Debug|Any CPU.Build.0 = Debug|Any CPU
		{1B1A447A-D655-48E2-BC22-4DF6FA054372}.Release|Any CPU.ActiveCfg = Release|Any CPU
		{1B1A447A-D655-48E2-BC22-4DF6FA054372}.Release|Any CPU.Build.0 = Release|Any CPU
		{4C1E9F7D-8043-4172-B53F-494903E1736C}.Debug|Any CPU.ActiveCfg = Debug|Any CPU
		{4C1E9F7D-8043-4172-B53F-494903E1736C}.Debug|Any CPU.Build.0 = Debug|Any CPU
		{4C1E9F7D-8043-4172-B53F-494903E1736C}.Release|Any CPU.ActiveCfg = Release|Any CPU
		{4C1E9F7D-8043-4172-B53F-494903E1736C}.Release|Any CPU.Build.0 = Release|Any CPU
		{6A53BB82-A22F-4D2C-9773-CC66C231F403}.Debug|Any CPU.ActiveCfg = Debug|Any CPU
		{6A53BB82-A22F-4D2C-9773-CC66C231F403}.Debug|Any CPU.Build.0 = Debug|Any CPU
		{6A53BB82-A22F-4D2C-9773-CC66C231F403}.Release|Any CPU.ActiveCfg = Release|Any CPU
		{6A53BB82-A22F-4D2C-9773-CC66C231F403}.Release|Any CPU.Build.0 = Release|Any CPU
		{F2035EE2-B73D-4FB8-A433-CAB465DE6A2A}.Debug|Any CPU.ActiveCfg = Debug|Any CPU
		{F2035EE2-B73D-4FB8-A433-CAB465DE6A2A}.Debug|Any CPU.Build.0 = Debug|Any CPU
		{F2035EE2-B73D-4FB8-A433-CAB465DE6A2A}.Release|Any CPU.ActiveCfg = Release|Any CPU
		{F2035EE2-B73D-4FB8-A433-CAB465DE6A2A}.Release|Any CPU.Build.0 = Release|Any CPU
		{F71003E8-A836-48F4-9DF6-DF9095CEBD18}.Debug|Any CPU.ActiveCfg = Debug|Any CPU
		{F71003E8-A836-48F4-9DF6-DF9095CEBD18}.Debug|Any CPU.Build.0 = Debug|Any CPU
		{F71003E8-A836-48F4-9DF6-DF9095CEBD18}.Release|Any CPU.ActiveCfg = Release|Any CPU
		{F71003E8-A836-48F4-9DF6-DF9095CEBD18}.Release|Any CPU.Build.0 = Release|Any CPU
		{7DC886CD-B8A0-44E8-AADD-57FCB0CFECB8}.Debug|Any CPU.ActiveCfg = Debug|Any CPU
		{7DC886CD-B8A0-44E8-AADD-57FCB0CFECB8}.Debug|Any CPU.Build.0 = Debug|Any CPU
		{7DC886CD-B8A0-44E8-AADD-57FCB0CFECB8}.Release|Any CPU.ActiveCfg = Release|Any CPU
		{7DC886CD-B8A0-44E8-AADD-57FCB0CFECB8}.Release|Any CPU.Build.0 = Release|Any CPU
		{4E642CBE-F6C5-4CB9-9474-6B349652FE77}.Debug|Any CPU.ActiveCfg = Debug|Any CPU
		{4E642CBE-F6C5-4CB9-9474-6B349652FE77}.Debug|Any CPU.Build.0 = Debug|Any CPU
		{4E642CBE-F6C5-4CB9-9474-6B349652FE77}.Release|Any CPU.ActiveCfg = Release|Any CPU
		{4E642CBE-F6C5-4CB9-9474-6B349652FE77}.Release|Any CPU.Build.0 = Release|Any CPU
		{AFCB668F-673F-4AAB-9A20-5BA10D825EB7}.Debug|Any CPU.ActiveCfg = Debug|Any CPU
		{AFCB668F-673F-4AAB-9A20-5BA10D825EB7}.Debug|Any CPU.Build.0 = Debug|Any CPU
		{AFCB668F-673F-4AAB-9A20-5BA10D825EB7}.Release|Any CPU.ActiveCfg = Release|Any CPU
		{AFCB668F-673F-4AAB-9A20-5BA10D825EB7}.Release|Any CPU.Build.0 = Release|Any CPU
		{A15657F9-0401-48DD-BA9A-37117C4B5FE2}.Debug|Any CPU.ActiveCfg = Debug|Any CPU
		{A15657F9-0401-48DD-BA9A-37117C4B5FE2}.Debug|Any CPU.Build.0 = Debug|Any CPU
		{A15657F9-0401-48DD-BA9A-37117C4B5FE2}.Release|Any CPU.ActiveCfg = Release|Any CPU
		{A15657F9-0401-48DD-BA9A-37117C4B5FE2}.Release|Any CPU.Build.0 = Release|Any CPU
		{D35248A8-23B5-4751-BDB3-CB3BD311EEF7}.Debug|Any CPU.ActiveCfg = Debug|Any CPU
		{D35248A8-23B5-4751-BDB3-CB3BD311EEF7}.Debug|Any CPU.Build.0 = Debug|Any CPU
		{D35248A8-23B5-4751-BDB3-CB3BD311EEF7}.Release|Any CPU.ActiveCfg = Release|Any CPU
		{D35248A8-23B5-4751-BDB3-CB3BD311EEF7}.Release|Any CPU.Build.0 = Release|Any CPU
	EndGlobalSection
	GlobalSection(SolutionProperties) = preSolution
		HideSolutionNode = FALSE
	EndGlobalSection
	GlobalSection(NestedProjects) = preSolution
		{71C79BAC-606B-4263-9DFC-698BDB9F583B} = {1CA8DAB1-DA8D-4946-83F7-4EFBD51225B2}
		{92F01327-9DD5-4222-A3DA-4388DD58B831} = {249037A2-86BB-4408-997C-7318AA594149}
		{1B1A447A-D655-48E2-BC22-4DF6FA054372} = {4207BC29-3342-49EB-A6D8-E98C7D33790A}
		{4C1E9F7D-8043-4172-B53F-494903E1736C} = {B0A80596-3D9F-4D8B-8533-CAF3475C5CA1}
		{6A53BB82-A22F-4D2C-9773-CC66C231F403} = {B0A80596-3D9F-4D8B-8533-CAF3475C5CA1}
		{F2035EE2-B73D-4FB8-A433-CAB465DE6A2A} = {D56FFC72-6E3E-458B-BB8A-0B3303D5577F}
		{F71003E8-A836-48F4-9DF6-DF9095CEBD18} = {D56FFC72-6E3E-458B-BB8A-0B3303D5577F}
		{7DC886CD-B8A0-44E8-AADD-57FCB0CFECB8} = {D56FFC72-6E3E-458B-BB8A-0B3303D5577F}
		{4E642CBE-F6C5-4CB9-9474-6B349652FE77} = {D56FFC72-6E3E-458B-BB8A-0B3303D5577F}
		{AFCB668F-673F-4AAB-9A20-5BA10D825EB7} = {D56FFC72-6E3E-458B-BB8A-0B3303D5577F}
		{A15657F9-0401-48DD-BA9A-37117C4B5FE2} = {D56FFC72-6E3E-458B-BB8A-0B3303D5577F}
		{D35248A8-23B5-4751-BDB3-CB3BD311EEF7} = {D56FFC72-6E3E-458B-BB8A-0B3303D5577F}
	EndGlobalSection
EndGlobal
